// !$*UTF8*$!
{
	archiveVersion = 1;
	classes = {
	};
	objectVersion = 46;
	objects = {

/* Begin PBXBuildFile section */
		863BCC631B05A888007E1841 /* AppDelegate.swift in Sources */ = {isa = PBXBuildFile; fileRef = 863BCC621B05A888007E1841 /* AppDelegate.swift */; };
		863BCC651B05A888007E1841 /* ViewController.swift in Sources */ = {isa = PBXBuildFile; fileRef = 863BCC641B05A888007E1841 /* ViewController.swift */; };
		863BCC681B05A888007E1841 /* Main.storyboard in Resources */ = {isa = PBXBuildFile; fileRef = 863BCC661B05A888007E1841 /* Main.storyboard */; };
		863BCC6A1B05A888007E1841 /* Images.xcassets in Resources */ = {isa = PBXBuildFile; fileRef = 863BCC691B05A888007E1841 /* Images.xcassets */; };
		863BCC6D1B05A888007E1841 /* LaunchScreen.xib in Resources */ = {isa = PBXBuildFile; fileRef = 863BCC6B1B05A888007E1841 /* LaunchScreen.xib */; };
		863BCC791B05A888007E1841 /* carouselappTests.swift in Sources */ = {isa = PBXBuildFile; fileRef = 863BCC781B05A888007E1841 /* carouselappTests.swift */; };
/* End PBXBuildFile section */

/* Begin PBXContainerItemProxy section */
		863BCC731B05A888007E1841 /* PBXContainerItemProxy */ = {
			isa = PBXContainerItemProxy;
			containerPortal = 863BCC551B05A888007E1841 /* Project object */;
			proxyType = 1;
			remoteGlobalIDString = 863BCC5C1B05A888007E1841;
			remoteInfo = carouselapp;
		};
/* End PBXContainerItemProxy section */

/* Begin PBXFileReference section */
		863BCC5D1B05A888007E1841 /* carouselapp.app */ = {isa = PBXFileReference; explicitFileType = wrapper.application; includeInIndex = 0; path = carouselapp.app; sourceTree = BUILT_PRODUCTS_DIR; };
		863BCC611B05A888007E1841 /* Info.plist */ = {isa = PBXFileReference; lastKnownFileType = text.plist.xml; path = Info.plist; sourceTree = "<group>"; };
		863BCC621B05A888007E1841 /* AppDelegate.swift */ = {isa = PBXFileReference; lastKnownFileType = sourcecode.swift; path = AppDelegate.swift; sourceTree = "<group>"; };
		863BCC641B05A888007E1841 /* ViewController.swift */ = {isa = PBXFileReference; lastKnownFileType = sourcecode.swift; path = ViewController.swift; sourceTree = "<group>"; };
		863BCC671B05A888007E1841 /* Base */ = {isa = PBXFileReference; lastKnownFileType = file.storyboard; name = Base; path = Base.lproj/Main.storyboard; sourceTree = "<group>"; };
		863BCC691B05A888007E1841 /* Images.xcassets */ = {isa = PBXFileReference; lastKnownFileType = folder.assetcatalog; path = Images.xcassets; sourceTree = "<group>"; };
		863BCC6C1B05A888007E1841 /* Base */ = {isa = PBXFileReference; lastKnownFileType = file.xib; name = Base; path = Base.lproj/LaunchScreen.xib; sourceTree = "<group>"; };
		863BCC721B05A888007E1841 /* carouselappTests.xctest */ = {isa = PBXFileReference; explicitFileType = wrapper.cfbundle; includeInIndex = 0; path = carouselappTests.xctest; sourceTree = BUILT_PRODUCTS_DIR; };
		863BCC771B05A888007E1841 /* Info.plist */ = {isa = PBXFileReference; lastKnownFileType = text.plist.xml; path = Info.plist; sourceTree = "<group>"; };
		863BCC781B05A888007E1841 /* carouselappTests.swift */ = {isa = PBXFileReference; lastKnownFileType = sourcecode.swift; path = carouselappTests.swift; sourceTree = "<group>"; };
/* End PBXFileReference section */

/* Begin PBXFrameworksBuildPhase section */
		863BCC5A1B05A888007E1841 /* Frameworks */ = {
			isa = PBXFrameworksBuildPhase;
			buildActionMask = 2147483647;
			files = (
			);
			runOnlyForDeploymentPostprocessing = 0;
		};
		863BCC6F1B05A888007E1841 /* Frameworks */ = {
			isa = PBXFrameworksBuildPhase;
			buildActionMask = 2147483647;
			files = (
			);
			runOnlyForDeploymentPostprocessing = 0;
		};
/* End PBXFrameworksBuildPhase section */

/* Begin PBXGroup section */
		863BCC541B05A888007E1841 = {
			isa = PBXGroup;
			children = (
				863BCC5F1B05A888007E1841 /* carouselapp */,
				863BCC751B05A888007E1841 /* carouselappTests */,
				863BCC5E1B05A888007E1841 /* Products */,
			);
			sourceTree = "<group>";
		};
		863BCC5E1B05A888007E1841 /* Products */ = {
			isa = PBXGroup;
			children = (
				863BCC5D1B05A888007E1841 /* carouselapp.app */,
				863BCC721B05A888007E1841 /* carouselappTests.xctest */,
			);
			name = Products;
			sourceTree = "<group>";
		};
		863BCC5F1B05A888007E1841 /* carouselapp */ = {
			isa = PBXGroup;
			children = (
				863BCC621B05A888007E1841 /* AppDelegate.swift */,
				863BCC641B05A888007E1841 /* ViewController.swift */,
				863BCC661B05A888007E1841 /* Main.storyboard */,
				863BCC691B05A888007E1841 /* Images.xcassets */,
				863BCC6B1B05A888007E1841 /* LaunchScreen.xib */,
				863BCC601B05A888007E1841 /* Supporting Files */,
			);
			path = carouselapp;
			sourceTree = "<group>";
		};
		863BCC601B05A888007E1841 /* Supporting Files */ = {
			isa = PBXGroup;
			children = (
				863BCC611B05A888007E1841 /* Info.plist */,
			);
			name = "Supporting Files";
			sourceTree = "<group>";
		};
		863BCC751B05A888007E1841 /* carouselappTests */ = {
			isa = PBXGroup;
			children = (
				863BCC781B05A888007E1841 /* carouselappTests.swift */,
				863BCC761B05A888007E1841 /* Supporting Files */,
			);
			path = carouselappTests;
			sourceTree = "<group>";
		};
		863BCC761B05A888007E1841 /* Supporting Files */ = {
			isa = PBXGroup;
			children = (
				863BCC771B05A888007E1841 /* Info.plist */,
			);
			name = "Supporting Files";
			sourceTree = "<group>";
		};
/* End PBXGroup section */

/* Begin PBXNativeTarget section */
		863BCC5C1B05A888007E1841 /* carouselapp */ = {
			isa = PBXNativeTarget;
			buildConfigurationList = 863BCC7C1B05A888007E1841 /* Build configuration list for PBXNativeTarget "carouselapp" */;
			buildPhases = (
				863BCC591B05A888007E1841 /* Sources */,
				863BCC5A1B05A888007E1841 /* Frameworks */,
				863BCC5B1B05A888007E1841 /* Resources */,
			);
			buildRules = (
			);
			dependencies = (
			);
			name = carouselapp;
			productName = carouselapp;
			productReference = 863BCC5D1B05A888007E1841 /* carouselapp.app */;
			productType = "com.apple.product-type.application";
		};
		863BCC711B05A888007E1841 /* carouselappTests */ = {
			isa = PBXNativeTarget;
			buildConfigurationList = 863BCC7F1B05A888007E1841 /* Build configuration list for PBXNativeTarget "carouselappTests" */;
			buildPhases = (
				863BCC6E1B05A888007E1841 /* Sources */,
				863BCC6F1B05A888007E1841 /* Frameworks */,
				863BCC701B05A888007E1841 /* Resources */,
			);
			buildRules = (
			);
			dependencies = (
				863BCC741B05A888007E1841 /* PBXTargetDependency */,
			);
			name = carouselappTests;
			productName = carouselappTests;
			productReference = 863BCC721B05A888007E1841 /* carouselappTests.xctest */;
			productType = "com.apple.product-type.bundle.unit-test";
		};
/* End PBXNativeTarget section */

/* Begin PBXProject section */
		863BCC551B05A888007E1841 /* Project object */ = {
			isa = PBXProject;
			attributes = {
				LastUpgradeCheck = 0610;
				ORGANIZATIONNAME = carloscheung;
				TargetAttributes = {
					863BCC5C1B05A888007E1841 = {
						CreatedOnToolsVersion = 6.1.1;
					};
					863BCC711B05A888007E1841 = {
						CreatedOnToolsVersion = 6.1.1;
						TestTargetID = 863BCC5C1B05A888007E1841;
					};
				};
			};
			buildConfigurationList = 863BCC581B05A888007E1841 /* Build configuration list for PBXProject "carouselapp" */;
			compatibilityVersion = "Xcode 3.2";
			developmentRegion = English;
			hasScannedForEncodings = 0;
			knownRegions = (
				en,
				Base,
			);
			mainGroup = 863BCC541B05A888007E1841;
			productRefGroup = 863BCC5E1B05A888007E1841 /* Products */;
			projectDirPath = "";
			projectRoot = "";
			targets = (
				863BCC5C1B05A888007E1841 /* carouselapp */,
				863BCC711B05A888007E1841 /* carouselappTests */,
			);
		};
/* End PBXProject section */

/* Begin PBXResourcesBuildPhase section */
		863BCC5B1B05A888007E1841 /* Resources */ = {
			isa = PBXResourcesBuildPhase;
			buildActionMask = 2147483647;
			files = (
				863BCC681B05A888007E1841 /* Main.storyboard in Resources */,
				863BCC6D1B05A888007E1841 /* LaunchScreen.xib in Resources */,
				863BCC6A1B05A888007E1841 /* Images.xcassets in Resources */,
			);
			runOnlyForDeploymentPostprocessing = 0;
		};
		863BCC701B05A888007E1841 /* Resources */ = {
			isa = PBXResourcesBuildPhase;
			buildActionMask = 2147483647;
			files = (
			);
			runOnlyForDeploymentPostprocessing = 0;
		};
/* End PBXResourcesBuildPhase section */

/* Begin PBXSourcesBuildPhase section */
		863BCC591B05A888007E1841 /* Sources */ = {
			isa = PBXSourcesBuildPhase;
			buildActionMask = 2147483647;
			files = (
				863BCC651B05A888007E1841 /* ViewController.swift in Sources */,
				863BCC631B05A888007E1841 /* AppDelegate.swift in Sources */,
			);
			runOnlyForDeploymentPostprocessing = 0;
		};
		863BCC6E1B05A888007E1841 /* Sources */ = {
			isa = PBXSourcesBuildPhase;
			buildActionMask = 2147483647;
			files = (
				863BCC791B05A888007E1841 /* carouselappTests.swift in Sources */,
			);
			runOnlyForDeploymentPostprocessing = 0;
		};
/* End PBXSourcesBuildPhase section */

/* Begin PBXTargetDependency section */
		863BCC741B05A888007E1841 /* PBXTargetDependency */ = {
			isa = PBXTargetDependency;
			target = 863BCC5C1B05A888007E1841 /* carouselapp */;
			targetProxy = 863BCC731B05A888007E1841 /* PBXContainerItemProxy */;
		};
/* End PBXTargetDependency section */

/* Begin PBXVariantGroup section */
		863BCC661B05A888007E1841 /* Main.storyboard */ = {
			isa = PBXVariantGroup;
			children = (
				863BCC671B05A888007E1841 /* Base */,
			);
			name = Main.storyboard;
			sourceTree = "<group>";
		};
		863BCC6B1B05A888007E1841 /* LaunchScreen.xib */ = {
			isa = PBXVariantGroup;
			children = (
				863BCC6C1B05A888007E1841 /* Base */,
			);
			name = LaunchScreen.xib;
			sourceTree = "<group>";
		};
/* End PBXVariantGroup section */

/* Begin XCBuildConfiguration section */
		863BCC7A1B05A888007E1841 /* Debug */ = {
			isa = XCBuildConfiguration;
			buildSettings = {
				ALWAYS_SEARCH_USER_PATHS = NO;
				CLANG_CXX_LANGUAGE_STANDARD = "gnu++0x";
				CLANG_CXX_LIBRARY = "libc++";
				CLANG_ENABLE_MODULES = YES;
				CLANG_ENABLE_OBJC_ARC = YES;
				CLANG_WARN_BOOL_CONVERSION = YES;
				CLANG_WARN_CONSTANT_CONVERSION = YES;
				CLANG_WARN_DIRECT_OBJC_ISA_USAGE = YES_ERROR;
				CLANG_WARN_EMPTY_BODY = YES;
				CLANG_WARN_ENUM_CONVERSION = YES;
				CLANG_WARN_INT_CONVERSION = YES;
				CLANG_WARN_OBJC_ROOT_CLASS = YES_ERROR;
				CLANG_WARN_UNREACHABLE_CODE = YES;
				CLANG_WARN__DUPLICATE_METHOD_MATCH = YES;
				"CODE_SIGN_IDENTITY[sdk=iphoneos*]" = "iPhone Developer";
				COPY_PHASE_STRIP = NO;
				ENABLE_STRICT_OBJC_MSGSEND = YES;
				GCC_C_LANGUAGE_STANDARD = gnu99;
				GCC_DYNAMIC_NO_PIC = NO;
				GCC_OPTIMIZATION_LEVEL = 0;
				GCC_PREPROCESSOR_DEFINITIONS = (
					"DEBUG=1",
					"$(inherited)",
				);
				GCC_SYMBOLS_PRIVATE_EXTERN = NO;
				GCC_WARN_64_TO_32_BIT_CONVERSION = YES;
				GCC_WARN_ABOUT_RETURN_TYPE = YES_ERROR;
				GCC_WARN_UNDECLARED_SELECTOR = YES;
				GCC_WARN_UNINITIALIZED_AUTOS = YES_AGGRESSIVE;
				GCC_WARN_UNUSED_FUNCTION = YES;
				GCC_WARN_UNUSED_VARIABLE = YES;
				IPHONEOS_DEPLOYMENT_TARGET = 8.1;
				MTL_ENABLE_DEBUG_INFO = YES;
				ONLY_ACTIVE_ARCH = YES;
				SDKROOT = iphoneos;
				SWIFT_OPTIMIZATION_LEVEL = "-Onone";
			};
			name = Debug;
		};
		863BCC7B1B05A888007E1841 /* Release */ = {
			isa = XCBuildConfiguration;
			buildSettings = {
				ALWAYS_SEARCH_USER_PATHS = NO;
				CLANG_CXX_LANGUAGE_STANDARD = "gnu++0x";
				CLANG_CXX_LIBRARY = "libc++";
				CLANG_ENABLE_MODULES = YES;
				CLANG_ENABLE_OBJC_ARC = YES;
				CLANG_WARN_BOOL_CONVERSION = YES;
				CLANG_WARN_CONSTANT_CONVERSION = YES;
				CLANG_WARN_DIRECT_OBJC_ISA_USAGE = YES_ERROR;
				CLANG_WARN_EMPTY_BODY = YES;
				CLANG_WARN_ENUM_CONVERSION = YES;
				CLANG_WARN_INT_CONVERSION = YES;
				CLANG_WARN_OBJC_ROOT_CLASS = YES_ERROR;
				CLANG_WARN_UNREACHABLE_CODE = YES;
				CLANG_WARN__DUPLICATE_METHOD_MATCH = YES;
				"CODE_SIGN_IDENTITY[sdk=iphoneos*]" = "iPhone Developer";
				COPY_PHASE_STRIP = YES;
				ENABLE_NS_ASSERTIONS = NO;
				ENABLE_STRICT_OBJC_MSGSEND = YES;
				GCC_C_LANGUAGE_STANDARD = gnu99;
				GCC_WARN_64_TO_32_BIT_CONVERSION = YES;
				GCC_WARN_ABOUT_RETURN_TYPE = YES_ERROR;
				GCC_WARN_UNDECLARED_SELECTOR = YES;
				GCC_WARN_UNINITIALIZED_AUTOS = YES_AGGRESSIVE;
				GCC_WARN_UNUSED_FUNCTION = YES;
				GCC_WARN_UNUSED_VARIABLE = YES;
				IPHONEOS_DEPLOYMENT_TARGET = 8.1;
				MTL_ENABLE_DEBUG_INFO = NO;
				SDKROOT = iphoneos;
				VALIDATE_PRODUCT = YES;
			};
			name = Release;
		};
		863BCC7D1B05A888007E1841 /* Debug */ = {
			isa = XCBuildConfiguration;
			buildSettings = {
				ASSETCATALOG_COMPILER_APPICON_NAME = AppIcon;
				INFOPLIST_FILE = carouselapp/Info.plist;
				LD_RUNPATH_SEARCH_PATHS = "$(inherited) @executable_path/Frameworks";
				PRODUCT_NAME = "$(TARGET_NAME)";
			};
			name = Debug;
		};
		863BCC7E1B05A888007E1841 /* Release */ = {
			isa = XCBuildConfiguration;
			buildSettings = {
				ASSETCATALOG_COMPILER_APPICON_NAME = AppIcon;
				INFOPLIST_FILE = carouselapp/Info.plist;
				LD_RUNPATH_SEARCH_PATHS = "$(inherited) @executable_path/Frameworks";
				PRODUCT_NAME = "$(TARGET_NAME)";
			};
			name = Release;
		};
		863BCC801B05A888007E1841 /* Debug */ = {
			isa = XCBuildConfiguration;
			buildSettings = {
				BUNDLE_LOADER = "$(TEST_HOST)";
				FRAMEWORK_SEARCH_PATHS = (
					"$(SDKROOT)/Developer/Library/Frameworks",
					"$(inherited)",
				);
				GCC_PREPROCESSOR_DEFINITIONS = (
					"DEBUG=1",
					"$(inherited)",
				);
				INFOPLIST_FILE = carouselappTests/Info.plist;
				LD_RUNPATH_SEARCH_PATHS = "$(inherited) @executable_path/Frameworks @loader_path/Frameworks";
				PRODUCT_NAME = "$(TARGET_NAME)";
				TEST_HOST = "$(BUILT_PRODUCTS_DIR)/carouselapp.app/carouselapp";
			};
			name = Debug;
		};
		863BCC811B05A888007E1841 /* Release */ = {
			isa = XCBuildConfiguration;
			buildSettings = {
				BUNDLE_LOADER = "$(TEST_HOST)";
				FRAMEWORK_SEARCH_PATHS = (
					"$(SDKROOT)/Developer/Library/Frameworks",
					"$(inherited)",
				);
				INFOPLIST_FILE = carouselappTests/Info.plist;
				LD_RUNPATH_SEARCH_PATHS = "$(inherited) @executable_path/Frameworks @loader_path/Frameworks";
				PRODUCT_NAME = "$(TARGET_NAME)";
				TEST_HOST = "$(BUILT_PRODUCTS_DIR)/carouselapp.app/carouselapp";
			};
			name = Release;
		};
/* End XCBuildConfiguration section */

/* Begin XCConfigurationList section */
		863BCC581B05A888007E1841 /* Build configuration list for PBXProject "carouselapp" */ = {
			isa = XCConfigurationList;
			buildConfigurations = (
				863BCC7A1B05A888007E1841 /* Debug */,
				863BCC7B1B05A888007E1841 /* Release */,
			);
			defaultConfigurationIsVisible = 0;
			defaultConfigurationName = Release;
		};
		863BCC7C1B05A888007E1841 /* Build configuration list for PBXNativeTarget "carouselapp" */ = {
			isa = XCConfigurationList;
			buildConfigurations = (
				863BCC7D1B05A888007E1841 /* Debug */,
				863BCC7E1B05A888007E1841 /* Release */,
			);
			defaultConfigurationIsVisible = 0;
		};
		863BCC7F1B05A888007E1841 /* Build configuration list for PBXNativeTarget "carouselappTests" */ = {
			isa = XCConfigurationList;
			buildConfigurations = (
				863BCC801B05A888007E1841 /* Debug */,
				863BCC811B05A888007E1841 /* Release */,
			);
			defaultConfigurationIsVisible = 0;
		};
/* End XCConfigurationList section */
	};
	rootObject = 863BCC551B05A888007E1841 /* Project object */;
}
